
Microsoft Visual Studio Solution File, Format Version 12.00
# Visual Studio 15
VisualStudioVersion = 15.0.28307.489
MinimumVisualStudioVersion = 10.0.40219.1
Project("{FAE04EC0-301F-11D3-BF4B-00C04F79EFBC}") = "PR 2", "PR 2.csproj", "{03F06604-B62C-4D7D-8BFB-67BAE0A3563D}"
EndProject
Global
	GlobalSection(SolutionConfigurationPlatforms) = preSolution
		Debug|Any CPU = Debug|Any CPU
		Release|Any CPU = Release|Any CPU
	EndGlobalSection
	GlobalSection(ProjectConfigurationPlatforms) = postSolution
		{03F06604-B62C-4D7D-8BFB-67BAE0A3563D}.Debug|Any CPU.ActiveCfg = Debug|Any CPU
		{03F06604-B62C-4D7D-8BFB-67BAE0A3563D}.Debug|Any CPU.Build.0 = Debug|Any CPU
		{03F06604-B62C-4D7D-8BFB-67BAE0A3563D}.Release|Any CPU.ActiveCfg = Release|Any CPU
		{03F06604-B62C-4D7D-8BFB-67BAE0A3563D}.Release|Any CPU.Build.0 = Release|Any CPU
	EndGlobalSection
	GlobalSection(SolutionProperties) = preSolution
		HideSolutionNode = FALSE
	EndGlobalSection
	GlobalSection(ExtensibilityGlobals) = postSolution
		SolutionGuid = {BB7E7A1F-424B-4454-8C96-AD630E249C04}
	EndGlobalSection
EndGlobal
