
Microsoft Visual Studio Solution File, Format Version 12.00
# Visual Studio 15
VisualStudioVersion = 15.0.28307.489
MinimumVisualStudioVersion = 10.0.40219.1
Project("{FAE04EC0-301F-11D3-BF4B-00C04F79EFBC}") = "PR 1", "PR 1.csproj", "{AC443A9E-B759-4397-921C-3A6F7DF6A9E1}"
EndProject
Global
	GlobalSection(SolutionConfigurationPlatforms) = preSolution
		Debug|Any CPU = Debug|Any CPU
		Release|Any CPU = Release|Any CPU
	EndGlobalSection
	GlobalSection(ProjectConfigurationPlatforms) = postSolution
		{AC443A9E-B759-4397-921C-3A6F7DF6A9E1}.Debug|Any CPU.ActiveCfg = Debug|Any CPU
		{AC443A9E-B759-4397-921C-3A6F7DF6A9E1}.Debug|Any CPU.Build.0 = Debug|Any CPU
		{AC443A9E-B759-4397-921C-3A6F7DF6A9E1}.Release|Any CPU.ActiveCfg = Release|Any CPU
		{AC443A9E-B759-4397-921C-3A6F7DF6A9E1}.Release|Any CPU.Build.0 = Release|Any CPU
	EndGlobalSection
	GlobalSection(SolutionProperties) = preSolution
		HideSolutionNode = FALSE
	EndGlobalSection
	GlobalSection(ExtensibilityGlobals) = postSolution
		SolutionGuid = {781006AB-6F12-431E-86A6-F0445A5CFCAB}
	EndGlobalSection
EndGlobal
